
Microsoft Visual Studio Solution File, Format Version 12.00
# Visual Studio Version 17
VisualStudioVersion = 17.3.32825.248
MinimumVisualStudioVersion = 10.0.40219.1
Project("{FAE04EC0-301F-11D3-BF4B-00C04F79EFBC}") = "Dobokocka", "Dobokocka\Dobokocka.csproj", "{30F7B750-68FB-457D-A9E5-795FEAF39D15}"
EndProject
Global
	GlobalSection(SolutionConfigurationPlatforms) = preSolution
		Debug|Any CPU = Debug|Any CPU
		Release|Any CPU = Release|Any CPU
	EndGlobalSection
	GlobalSection(ProjectConfigurationPlatforms) = postSolution
		{30F7B750-68FB-457D-A9E5-795FEAF39D15}.Debug|Any CPU.ActiveCfg = Debug|Any CPU
		{30F7B750-68FB-457D-A9E5-795FEAF39D15}.Debug|Any CPU.Build.0 = Debug|Any CPU
		{30F7B750-68FB-457D-A9E5-795FEAF39D15}.Release|Any CPU.ActiveCfg = Release|Any CPU
		{30F7B750-68FB-457D-A9E5-795FEAF39D15}.Release|Any CPU.Build.0 = Release|Any CPU
	EndGlobalSection
	GlobalSection(SolutionProperties) = preSolution
		HideSolutionNode = FALSE
	EndGlobalSection
	GlobalSection(ExtensibilityGlobals) = postSolution
		SolutionGuid = {9F39A2D3-F97C-42DC-BE68-1347505C5FC5}
	EndGlobalSection
EndGlobal
